
Microsoft Visual Studio Solution File, Format Version 12.00
Project("{2150E333-8FDC-42A3-9474-1A3956D46DE8}") = "data", "data", "{85F59B22-CB63-4344-9669-E8E818159F18}"
	ProjectSection(SolutionItems) = preProject
		data\inbox\IBT.xml = data\inbox\IBT.xml
	EndProjectSection
EndProject
EndProject
Project("{2150E333-8FDC-42A3-9474-1A3956D46DE8}") = "docs", "docs", "{A00BA08B-3AED-4232-A754-B549518CA916}"
	ProjectSection(SolutionItems) = preProject
		docs\todo.md = docs\todo.md
	EndProjectSection
EndProject
Project("{2150E333-8FDC-42A3-9474-1A3956D46DE8}") = "root", "root", "{5BE654DE-7FA7-43C8-BD43-DD4A9576CE87}"
EndProject
Project("{2150E333-8FDC-42A3-9474-1A3956D46DE8}") = "src", "src", "{5E56BD06-ABBC-48CF-93B0-B91BE4D787CA}"
EndProject
Project("{2150E333-8FDC-42A3-9474-1A3956D46DE8}") = "tests", "tests", "{DAC9370D-5EC3-4134-AA91-CEC87FDC2FE2}"
EndProject
Project("{FAE04EC0-301F-11D3-BF4B-00C04F79EFBC}") = "Homework.Exercise.Presentation", "src\Homework.Exercise.Presentation\Homework.Exercise.Presentation.csproj", "{67FCEFD8-BC7B-4967-8EAF-8EFDA8975E73}"
EndProject
Project("{FAE04EC0-301F-11D3-BF4B-00C04F79EFBC}") = "Homework.Exercise.Domain", "src\Homework.Exercise.Domain\Homework.Exercise.Domain.csproj", "{BC0EFCE6-4600-43F1-86BD-1DD98A7F2CFA}"
EndProject
Project("{FAE04EC0-301F-11D3-BF4B-00C04F79EFBC}") = "Homework.Exercise.Application", "src\Homework.Exercise.Application\Homework.Exercise.Application.csproj", "{1170D538-A58C-4D06-874A-DD4B533628C2}"
EndProject
Project("{FAE04EC0-301F-11D3-BF4B-00C04F79EFBC}") = "Homework.Exercise.Infrastructure", "src\Homework.Exercise.Infrastructure\Homework.Exercise.Infrastructure.csproj", "{A091F494-7404-4FC3-A4EB-491758B8C2F3}"
EndProject
Project("{FAE04EC0-301F-11D3-BF4B-00C04F79EFBC}") = "Homework.Exercise.Application.Tests.Unit", "tests\Homework.Exercise.Application.Tests.Unit\Homework.Exercise.Application.Tests.Unit.csproj", "{22443450-A153-44B6-905F-CF526F45B7B7}"
EndProject
Global
	GlobalSection(SolutionConfigurationPlatforms) = preSolution
		Debug|Any CPU = Debug|Any CPU
		Release|Any CPU = Release|Any CPU
	EndGlobalSection
	GlobalSection(ProjectConfigurationPlatforms) = postSolution
		{67FCEFD8-BC7B-4967-8EAF-8EFDA8975E73}.Debug|Any CPU.ActiveCfg = Debug|Any CPU
		{67FCEFD8-BC7B-4967-8EAF-8EFDA8975E73}.Debug|Any CPU.Build.0 = Debug|Any CPU
		{67FCEFD8-BC7B-4967-8EAF-8EFDA8975E73}.Release|Any CPU.ActiveCfg = Release|Any CPU
		{67FCEFD8-BC7B-4967-8EAF-8EFDA8975E73}.Release|Any CPU.Build.0 = Release|Any CPU
		{BC0EFCE6-4600-43F1-86BD-1DD98A7F2CFA}.Debug|Any CPU.ActiveCfg = Debug|Any CPU
		{BC0EFCE6-4600-43F1-86BD-1DD98A7F2CFA}.Debug|Any CPU.Build.0 = Debug|Any CPU
		{BC0EFCE6-4600-43F1-86BD-1DD98A7F2CFA}.Release|Any CPU.ActiveCfg = Release|Any CPU
		{BC0EFCE6-4600-43F1-86BD-1DD98A7F2CFA}.Release|Any CPU.Build.0 = Release|Any CPU
		{1170D538-A58C-4D06-874A-DD4B533628C2}.Debug|Any CPU.ActiveCfg = Debug|Any CPU
		{1170D538-A58C-4D06-874A-DD4B533628C2}.Debug|Any CPU.Build.0 = Debug|Any CPU
		{1170D538-A58C-4D06-874A-DD4B533628C2}.Release|Any CPU.ActiveCfg = Release|Any CPU
		{1170D538-A58C-4D06-874A-DD4B533628C2}.Release|Any CPU.Build.0 = Release|Any CPU
		{A091F494-7404-4FC3-A4EB-491758B8C2F3}.Debug|Any CPU.ActiveCfg = Debug|Any CPU
		{A091F494-7404-4FC3-A4EB-491758B8C2F3}.Debug|Any CPU.Build.0 = Debug|Any CPU
		{A091F494-7404-4FC3-A4EB-491758B8C2F3}.Release|Any CPU.ActiveCfg = Release|Any CPU
		{A091F494-7404-4FC3-A4EB-491758B8C2F3}.Release|Any CPU.Build.0 = Release|Any CPU
		{22443450-A153-44B6-905F-CF526F45B7B7}.Debug|Any CPU.ActiveCfg = Debug|Any CPU
		{22443450-A153-44B6-905F-CF526F45B7B7}.Debug|Any CPU.Build.0 = Debug|Any CPU
		{22443450-A153-44B6-905F-CF526F45B7B7}.Release|Any CPU.ActiveCfg = Release|Any CPU
		{22443450-A153-44B6-905F-CF526F45B7B7}.Release|Any CPU.Build.0 = Release|Any CPU
	EndGlobalSection
	GlobalSection(NestedProjects) = preSolution
		{67FCEFD8-BC7B-4967-8EAF-8EFDA8975E73} = {5E56BD06-ABBC-48CF-93B0-B91BE4D787CA}
		{BC0EFCE6-4600-43F1-86BD-1DD98A7F2CFA} = {5E56BD06-ABBC-48CF-93B0-B91BE4D787CA}
		{1170D538-A58C-4D06-874A-DD4B533628C2} = {5E56BD06-ABBC-48CF-93B0-B91BE4D787CA}
		{A091F494-7404-4FC3-A4EB-491758B8C2F3} = {5E56BD06-ABBC-48CF-93B0-B91BE4D787CA}
		{22443450-A153-44B6-905F-CF526F45B7B7} = {DAC9370D-5EC3-4134-AA91-CEC87FDC2FE2}
	EndGlobalSection
EndGlobal
